
Microsoft Visual Studio Solution File, Format Version 12.00
# Visual Studio Version 17
VisualStudioVersion = 17.12.35527.113
MinimumVisualStudioVersion = 10.0.40219.1
Project("{FAE04EC0-301F-11D3-BF4B-00C04F79EFBC}") = "MusicStore.API", "src\MusicStore.API\MusicStore.API.csproj", "{DDD8D8F2-36E8-415D-881C-80D08C21485E}"
EndProject
Project("{FAE04EC0-301F-11D3-BF4B-00C04F79EFBC}") = "MusicStore.Repositories", "src\MusicStore.Repositories\MusicStore.Repositories.csproj", "{0587A120-4758-42C7-B0F2-979C6E3518D5}"
EndProject
Project("{FAE04EC0-301F-11D3-BF4B-00C04F79EFBC}") = "MusicStore.Entities", "src\MusicStore.Entities\MusicStore.Entities.csproj", "{C5D495EA-2035-4790-A6A4-9701C3FA4760}"
EndProject
Project("{FAE04EC0-301F-11D3-BF4B-00C04F79EFBC}") = "MusicStore.Persistence", "src\MusicStore.Persistence\MusicStore.Persistence.csproj", "{45E0C8FD-5135-4DF9-AD9A-D2180AE27291}"
EndProject
Project("{FAE04EC0-301F-11D3-BF4B-00C04F79EFBC}") = "MusicStore.Dto", "MusicStore.Dto\MusicStore.Dto.csproj", "{340695ED-7CF5-4250-98A8-CE471851D29D}"
EndProject
Project("{FAE04EC0-301F-11D3-BF4B-00C04F79EFBC}") = "MusicStore.Services", "src\MusicStore.Services\MusicStore.Services.csproj", "{42E68973-8D57-46D7-A942-EDE8620DE845}"
EndProject
Global
	GlobalSection(SolutionConfigurationPlatforms) = preSolution
		Debug|Any CPU = Debug|Any CPU
		Release|Any CPU = Release|Any CPU
	EndGlobalSection
	GlobalSection(ProjectConfigurationPlatforms) = postSolution
		{DDD8D8F2-36E8-415D-881C-80D08C21485E}.Debug|Any CPU.ActiveCfg = Debug|Any CPU
		{DDD8D8F2-36E8-415D-881C-80D08C21485E}.Debug|Any CPU.Build.0 = Debug|Any CPU
		{DDD8D8F2-36E8-415D-881C-80D08C21485E}.Release|Any CPU.ActiveCfg = Release|Any CPU
		{DDD8D8F2-36E8-415D-881C-80D08C21485E}.Release|Any CPU.Build.0 = Release|Any CPU
		{0587A120-4758-42C7-B0F2-979C6E3518D5}.Debug|Any CPU.ActiveCfg = Debug|Any CPU
		{0587A120-4758-42C7-B0F2-979C6E3518D5}.Debug|Any CPU.Build.0 = Debug|Any CPU
		{0587A120-4758-42C7-B0F2-979C6E3518D5}.Release|Any CPU.ActiveCfg = Release|Any CPU
		{0587A120-4758-42C7-B0F2-979C6E3518D5}.Release|Any CPU.Build.0 = Release|Any CPU
		{C5D495EA-2035-4790-A6A4-9701C3FA4760}.Debug|Any CPU.ActiveCfg = Debug|Any CPU
		{C5D495EA-2035-4790-A6A4-9701C3FA4760}.Debug|Any CPU.Build.0 = Debug|Any CPU
		{C5D495EA-2035-4790-A6A4-9701C3FA4760}.Release|Any CPU.ActiveCfg = Release|Any CPU
		{C5D495EA-2035-4790-A6A4-9701C3FA4760}.Release|Any CPU.Build.0 = Release|Any CPU
		{45E0C8FD-5135-4DF9-AD9A-D2180AE27291}.Debug|Any CPU.ActiveCfg = Debug|Any CPU
		{45E0C8FD-5135-4DF9-AD9A-D2180AE27291}.Debug|Any CPU.Build.0 = Debug|Any CPU
		{45E0C8FD-5135-4DF9-AD9A-D2180AE27291}.Release|Any CPU.ActiveCfg = Release|Any CPU
		{45E0C8FD-5135-4DF9-AD9A-D2180AE27291}.Release|Any CPU.Build.0 = Release|Any CPU
		{340695ED-7CF5-4250-98A8-CE471851D29D}.Debug|Any CPU.ActiveCfg = Debug|Any CPU
		{340695ED-7CF5-4250-98A8-CE471851D29D}.Debug|Any CPU.Build.0 = Debug|Any CPU
		{340695ED-7CF5-4250-98A8-CE471851D29D}.Release|Any CPU.ActiveCfg = Release|Any CPU
		{340695ED-7CF5-4250-98A8-CE471851D29D}.Release|Any CPU.Build.0 = Release|Any CPU
		{42E68973-8D57-46D7-A942-EDE8620DE845}.Debug|Any CPU.ActiveCfg = Debug|Any CPU
		{42E68973-8D57-46D7-A942-EDE8620DE845}.Debug|Any CPU.Build.0 = Debug|Any CPU
		{42E68973-8D57-46D7-A942-EDE8620DE845}.Release|Any CPU.ActiveCfg = Release|Any CPU
		{42E68973-8D57-46D7-A942-EDE8620DE845}.Release|Any CPU.Build.0 = Release|Any CPU
	EndGlobalSection
	GlobalSection(SolutionProperties) = preSolution
		HideSolutionNode = FALSE
	EndGlobalSection
EndGlobal
